
Microsoft Visual Studio Solution File, Format Version 12.00
# Visual Studio Version 17
VisualStudioVersion = 17.11.35327.3
MinimumVisualStudioVersion = 10.0.40219.1
Project("{8BC9CEB8-8B4A-11D0-8D11-00A0C91BC942}") = "VPN_From_Scratch", "VPN_From_Scratch\VPN_From_Scratch.vcxproj", "{B08362E3-BD52-461D-B3D7-CB815EE069BF}"
EndProject
Global
	GlobalSection(SolutionConfigurationPlatforms) = preSolution
		Debug|x64 = Debug|x64
		Debug|x86 = Debug|x86
		Release|x64 = Release|x64
		Release|x86 = Release|x86
	EndGlobalSection
	GlobalSection(ProjectConfigurationPlatforms) = postSolution
		{B08362E3-BD52-461D-B3D7-CB815EE069BF}.Debug|x64.ActiveCfg = Debug|x64
		{B08362E3-BD52-461D-B3D7-CB815EE069BF}.Debug|x64.Build.0 = Debug|x64
		{B08362E3-BD52-461D-B3D7-CB815EE069BF}.Debug|x86.ActiveCfg = Debug|Win32
		{B08362E3-BD52-461D-B3D7-CB815EE069BF}.Debug|x86.Build.0 = Debug|Win32
		{B08362E3-BD52-461D-B3D7-CB815EE069BF}.Release|x64.ActiveCfg = Release|x64
		{B08362E3-BD52-461D-B3D7-CB815EE069BF}.Release|x64.Build.0 = Release|x64
		{B08362E3-BD52-461D-B3D7-CB815EE069BF}.Release|x86.ActiveCfg = Release|Win32
		{B08362E3-BD52-461D-B3D7-CB815EE069BF}.Release|x86.Build.0 = Release|Win32
	EndGlobalSection
	GlobalSection(SolutionProperties) = preSolution
		HideSolutionNode = FALSE
	EndGlobalSection
	GlobalSection(ExtensibilityGlobals) = postSolution
		SolutionGuid = {54DBD53F-870E-466C-9452-A350EE5A64FE}
	EndGlobalSection
EndGlobal
